{
  "version": "3",
  "remote": {
    "https://deno.land/std@0.181.0/_util/asserts.ts": "178dfc49a464aee693a7e285567b3d0b555dc805ff490505a8aae34f9cfb1462",
    "https://deno.land/std@0.181.0/_util/os.ts": "d932f56d41e4f6a6093d56044e29ce637f8dcc43c5a90af43504a889cf1775e3",
    "https://deno.land/std@0.181.0/fs/_util.ts": "65381f341af1ff7f40198cee15c20f59951ac26e51ddc651c5293e24f9ce6f32",
    "https://deno.land/std@0.181.0/fs/copy.ts": "14214efd94fc3aa6db1e4af2b4b9578e50f7362b7f3725d5a14ad259a5df26c8",
    "https://deno.land/std@0.181.0/fs/empty_dir.ts": "c3d2da4c7352fab1cf144a1ecfef58090769e8af633678e0f3fabaef98594688",
    "https://deno.land/std@0.181.0/fs/ensure_dir.ts": "dc64c4c75c64721d4e3fb681f1382f803ff3d2868f08563ff923fdd20d071c40",
    "https://deno.land/std@0.181.0/fs/ensure_file.ts": "c38602670bfaf259d86ca824a94e6cb9e5eb73757fefa4ebf43a90dd017d53d9",
    "https://deno.land/std@0.181.0/fs/ensure_link.ts": "c0f5b2f0ec094ed52b9128eccb1ee23362a617457aa0f699b145d4883f5b2fb4",
    "https://deno.land/std@0.181.0/fs/ensure_symlink.ts": "5006ab2f458159c56d689b53b1e48d57e05eeb1eaf64e677f7f76a30bc4fdba1",
    "https://deno.land/std@0.181.0/fs/eol.ts": "f1f2eb348a750c34500741987b21d65607f352cf7205f48f4319d417fff42842",
    "https://deno.land/std@0.181.0/fs/exists.ts": "b8c8a457b71e9d7f29b9d2f87aad8dba2739cbe637e8926d6ba6e92567875f8e",
    "https://deno.land/std@0.181.0/fs/expand_glob.ts": "e4f56259a0a70fe23f05215b00de3ac5e6ba46646ab2a06ebbe9b010f81c972a",
    "https://deno.land/std@0.181.0/fs/mod.ts": "bc3d0acd488cc7b42627044caf47d72019846d459279544e1934418955ba4898",
    "https://deno.land/std@0.181.0/fs/move.ts": "4cb47f880e3f0582c55e71c9f8b1e5e8cfaacb5e84f7390781dd563b7298ec19",
    "https://deno.land/std@0.181.0/fs/walk.ts": "ea95ffa6500c1eda6b365be488c056edc7c883a1db41ef46ec3bf057b1c0fe32",
    "https://deno.land/std@0.181.0/path/_constants.ts": "e49961f6f4f48039c0dfed3c3f93e963ca3d92791c9d478ac5b43183413136e0",
    "https://deno.land/std@0.181.0/path/_interface.ts": "6471159dfbbc357e03882c2266d21ef9afdb1e4aa771b0545e90db58a0ba314b",
    "https://deno.land/std@0.181.0/path/_util.ts": "d7abb1e0dea065f427b89156e28cdeb32b045870acdf865833ba808a73b576d0",
    "https://deno.land/std@0.181.0/path/common.ts": "ee7505ab01fd22de3963b64e46cff31f40de34f9f8de1fff6a1bd2fe79380000",
    "https://deno.land/std@0.181.0/path/glob.ts": "d479e0a695621c94d3fd7fe7abd4f9499caf32a8de13f25073451c6ef420a4e1",
    "https://deno.land/std@0.181.0/path/mod.ts": "bf718f19a4fdd545aee1b06409ca0805bd1b68ecf876605ce632e932fe54510c",
    "https://deno.land/std@0.181.0/path/posix.ts": "8b7c67ac338714b30c816079303d0285dd24af6b284f7ad63da5b27372a2c94d",
    "https://deno.land/std@0.181.0/path/separator.ts": "0fb679739d0d1d7bf45b68dacfb4ec7563597a902edbaf3c59b50d5bcadd93b1",
    "https://deno.land/std@0.181.0/path/win32.ts": "d186344e5583bcbf8b18af416d13d82b35a317116e6460a5a3953508c3de5bba",
    "https://deno.land/std@0.210.0/assert/assert.ts": "e265ad50a9341f3b40e51dd4cb41ab253d976943ba78a977106950e52e0302ab",
    "https://deno.land/std@0.210.0/assert/assertion_error.ts": "26ed1863d905005f00785c89750c001c3522c5417e4f58f95044b8143cfc1593",
    "https://deno.land/std@0.210.0/fs/_to_path_string.ts": "d963898a0d277b155eefb5c64202de71ca2f5e1348897a2f56d3bce6347fc3cc",
    "https://deno.land/std@0.210.0/fs/empty_dir.ts": "a0d35035b604fbbdedee9a8fe28b7436ae0f32a111e9e88fe0469b93b8548940",
    "https://deno.land/std@0.210.0/path/_common/assert_path.ts": "061e4d093d4ba5aebceb2c4da3318bfe3289e868570e9d3a8e327d91c2958946",
    "https://deno.land/std@0.210.0/path/_common/constants.ts": "e49961f6f4f48039c0dfed3c3f93e963ca3d92791c9d478ac5b43183413136e0",
    "https://deno.land/std@0.210.0/path/_common/from_file_url.ts": "ef1bf3197d2efbf0297a2bdbf3a61d804b18f2bcce45548ae112313ec5be3c22",
    "https://deno.land/std@0.210.0/path/_common/normalize.ts": "2ba7fb4cc9fafb0f38028f434179579ce61d4d9e51296fad22b701c3d3cd7397",
    "https://deno.land/std@0.210.0/path/_common/normalize_string.ts": "88c472f28ae49525f9fe82de8c8816d93442d46a30d6bb5063b07ff8a89ff589",
    "https://deno.land/std@0.210.0/path/_os.ts": "30b0c2875f360c9296dbe6b7f2d528f0f9c741cecad2e97f803f5219e91b40a2",
    "https://deno.land/std@0.210.0/path/from_file_url.ts": "e7fa233ea1dff9641e8d566153a24d95010110185a6f418dd2e32320926043f8",
    "https://deno.land/std@0.210.0/path/join.ts": "3ee91038e3eaa966897eddda43d5207d7cae5c2de8a658bdbd722e8f8f29206a",
    "https://deno.land/std@0.210.0/path/posix/_util.ts": "ecf49560fedd7dd376c6156cc5565cad97c1abe9824f4417adebc7acc36c93e5",
    "https://deno.land/std@0.210.0/path/posix/from_file_url.ts": "b97287a83e6407ac27bdf3ab621db3fccbf1c27df0a1b1f20e1e1b5acf38a379",
    "https://deno.land/std@0.210.0/path/posix/join.ts": "0c0d84bdc344876930126640011ec1b888e6facf74153ffad9ef26813aa2a076",
    "https://deno.land/std@0.210.0/path/posix/normalize.ts": "11de90a94ab7148cc46e5a288f7d732aade1d616bc8c862f5560fa18ff987b4b",
    "https://deno.land/std@0.210.0/path/windows/_util.ts": "f32b9444554c8863b9b4814025c700492a2b57ff2369d015360970a1b1099d54",
    "https://deno.land/std@0.210.0/path/windows/from_file_url.ts": "d53335c12b0725893d768be3ac6bf0112cc5b639d2deb0171b35988493b46199",
    "https://deno.land/std@0.210.0/path/windows/join.ts": "e6600bf88edeeef4e2276e155b8de1d5dec0435fd526ba2dc4d37986b2882f16",
    "https://deno.land/std@0.210.0/path/windows/normalize.ts": "9deebbf40c81ef540b7b945d4ccd7a6a2c5a5992f791e6d3377043031e164e69"
  }
}
